
Microsoft Visual Studio Solution File, Format Version 12.00
# Visual Studio Version 16
VisualStudioVersion = 16.0.32802.440
MinimumVisualStudioVersion = 10.0.40219.1
Project("{FAE04EC0-301F-11D3-BF4B-00C04F79EFBC}") = "ManagCond", "ManagCond.csproj", "{47575872-C0AB-49E7-AE8F-AA1905D68802}"
EndProject
Project("{FAE04EC0-301F-11D3-BF4B-00C04F79EFBC}") = "Dao", "Dao\Dao.csproj", "{61EA71B9-27DC-4EED-B07F-0B6E0E611F3E}"
EndProject
Project("{FAE04EC0-301F-11D3-BF4B-00C04F79EFBC}") = "Model", "Model\Model.csproj", "{EAF1C6C2-652F-494E-BBA9-052F042D177A}"
EndProject
Global
	GlobalSection(SolutionConfigurationPlatforms) = preSolution
		Debug|Any CPU = Debug|Any CPU
		Release|Any CPU = Release|Any CPU
	EndGlobalSection
	GlobalSection(ProjectConfigurationPlatforms) = postSolution
		{47575872-C0AB-49E7-AE8F-AA1905D68802}.Debug|Any CPU.ActiveCfg = Debug|Any CPU
		{47575872-C0AB-49E7-AE8F-AA1905D68802}.Debug|Any CPU.Build.0 = Debug|Any CPU
		{47575872-C0AB-49E7-AE8F-AA1905D68802}.Release|Any CPU.ActiveCfg = Release|Any CPU
		{47575872-C0AB-49E7-AE8F-AA1905D68802}.Release|Any CPU.Build.0 = Release|Any CPU
		{61EA71B9-27DC-4EED-B07F-0B6E0E611F3E}.Debug|Any CPU.ActiveCfg = Debug|Any CPU
		{61EA71B9-27DC-4EED-B07F-0B6E0E611F3E}.Debug|Any CPU.Build.0 = Debug|Any CPU
		{61EA71B9-27DC-4EED-B07F-0B6E0E611F3E}.Release|Any CPU.ActiveCfg = Release|Any CPU
		{61EA71B9-27DC-4EED-B07F-0B6E0E611F3E}.Release|Any CPU.Build.0 = Release|Any CPU
		{EAF1C6C2-652F-494E-BBA9-052F042D177A}.Debug|Any CPU.ActiveCfg = Debug|Any CPU
		{EAF1C6C2-652F-494E-BBA9-052F042D177A}.Debug|Any CPU.Build.0 = Debug|Any CPU
		{EAF1C6C2-652F-494E-BBA9-052F042D177A}.Release|Any CPU.ActiveCfg = Release|Any CPU
		{EAF1C6C2-652F-494E-BBA9-052F042D177A}.Release|Any CPU.Build.0 = Release|Any CPU
	EndGlobalSection
	GlobalSection(SolutionProperties) = preSolution
		HideSolutionNode = FALSE
	EndGlobalSection
	GlobalSection(ExtensibilityGlobals) = postSolution
		SolutionGuid = {939412D3-8F72-41D3-ACFC-D79022FE3773}
	EndGlobalSection
EndGlobal
